
Microsoft Visual Studio Solution File, Format Version 12.00
# Visual Studio Version 17
VisualStudioVersion = 17.3.32929.385
MinimumVisualStudioVersion = 10.0.40219.1
Project("{9A19103F-16F7-4668-BE54-9A1E7A4F7556}") = "HourlyRate", "HourlyRate\HourlyRate.csproj", "{9B25EBD2-AD43-4A80-BEF1-94E5239C7A20}"
EndProject
Project("{9A19103F-16F7-4668-BE54-9A1E7A4F7556}") = "HourlyRate.Core", "HourlyRate.Core\HourlyRate.Core.csproj", "{3807FF04-0FD6-4692-AE15-A53D2C639E5B}"
EndProject
Project("{9A19103F-16F7-4668-BE54-9A1E7A4F7556}") = "HourlyRate.Infrastructure", "HourlyRate.Infrastructure\HourlyRate.Infrastructure.csproj", "{E1ECC9AB-E4F2-453D-9FCD-D06CDF509DD3}"
EndProject
Project("{FAE04EC0-301F-11D3-BF4B-00C04F79EFBC}") = "HourlyRate.UnitTests", "HourlyRate.UnitTests\HourlyRate.UnitTests.csproj", "{A84A2F86-2185-4F04-BE5C-CFE0C9312C74}"
	ProjectSection(ProjectDependencies) = postProject
		{3807FF04-0FD6-4692-AE15-A53D2C639E5B} = {3807FF04-0FD6-4692-AE15-A53D2C639E5B}
		{9B25EBD2-AD43-4A80-BEF1-94E5239C7A20} = {9B25EBD2-AD43-4A80-BEF1-94E5239C7A20}
		{E1ECC9AB-E4F2-453D-9FCD-D06CDF509DD3} = {E1ECC9AB-E4F2-453D-9FCD-D06CDF509DD3}
	EndProjectSection
EndProject
Global
	GlobalSection(SolutionConfigurationPlatforms) = preSolution
		Debug|Any CPU = Debug|Any CPU
		Release|Any CPU = Release|Any CPU
	EndGlobalSection
	GlobalSection(ProjectConfigurationPlatforms) = postSolution
		{9B25EBD2-AD43-4A80-BEF1-94E5239C7A20}.Debug|Any CPU.ActiveCfg = Debug|Any CPU
		{9B25EBD2-AD43-4A80-BEF1-94E5239C7A20}.Debug|Any CPU.Build.0 = Debug|Any CPU
		{9B25EBD2-AD43-4A80-BEF1-94E5239C7A20}.Release|Any CPU.ActiveCfg = Release|Any CPU
		{9B25EBD2-AD43-4A80-BEF1-94E5239C7A20}.Release|Any CPU.Build.0 = Release|Any CPU
		{3807FF04-0FD6-4692-AE15-A53D2C639E5B}.Debug|Any CPU.ActiveCfg = Debug|Any CPU
		{3807FF04-0FD6-4692-AE15-A53D2C639E5B}.Debug|Any CPU.Build.0 = Debug|Any CPU
		{3807FF04-0FD6-4692-AE15-A53D2C639E5B}.Release|Any CPU.ActiveCfg = Release|Any CPU
		{3807FF04-0FD6-4692-AE15-A53D2C639E5B}.Release|Any CPU.Build.0 = Release|Any CPU
		{E1ECC9AB-E4F2-453D-9FCD-D06CDF509DD3}.Debug|Any CPU.ActiveCfg = Debug|Any CPU
		{E1ECC9AB-E4F2-453D-9FCD-D06CDF509DD3}.Debug|Any CPU.Build.0 = Debug|Any CPU
		{E1ECC9AB-E4F2-453D-9FCD-D06CDF509DD3}.Release|Any CPU.ActiveCfg = Release|Any CPU
		{E1ECC9AB-E4F2-453D-9FCD-D06CDF509DD3}.Release|Any CPU.Build.0 = Release|Any CPU
		{A84A2F86-2185-4F04-BE5C-CFE0C9312C74}.Debug|Any CPU.ActiveCfg = Debug|Any CPU
		{A84A2F86-2185-4F04-BE5C-CFE0C9312C74}.Debug|Any CPU.Build.0 = Debug|Any CPU
		{A84A2F86-2185-4F04-BE5C-CFE0C9312C74}.Release|Any CPU.ActiveCfg = Release|Any CPU
		{A84A2F86-2185-4F04-BE5C-CFE0C9312C74}.Release|Any CPU.Build.0 = Release|Any CPU
	EndGlobalSection
	GlobalSection(SolutionProperties) = preSolution
		HideSolutionNode = FALSE
	EndGlobalSection
	GlobalSection(ExtensibilityGlobals) = postSolution
		SolutionGuid = {77FA22C5-D6DE-4DC1-81F3-41257D52C618}
	EndGlobalSection
EndGlobal
